
Microsoft Visual Studio Solution File, Format Version 12.00
# Visual Studio 2012
Project("{FAE04EC0-301F-11D3-BF4B-00C04F79EFBC}") = "ODataPad.Core", "ODataPad.Core\ODataPad.Core.csproj", "{D30AD8D0-4452-4F6E-BE1B-D8097EC3B53D}"
EndProject
Project("{FAE04EC0-301F-11D3-BF4B-00C04F79EFBC}") = "ODataPad.UI.WinRT", "ODataPad.UI.WinRT\ODataPad.UI.WinRT.csproj", "{91C81852-FA13-4FCA-86CA-2EDDD9929CCA}"
EndProject
Project("{FAE04EC0-301F-11D3-BF4B-00C04F79EFBC}") = "ODataPad.Platform.WinRT", "ODataPad.Platform.WinRT\ODataPad.Platform.WinRT.csproj", "{ECE0CAE6-B931-4036-9FB1-63170A811069}"
EndProject
Project("{FAE04EC0-301F-11D3-BF4B-00C04F79EFBC}") = "Cirrious.MvvmCross", "..\MvvmCross-vnext\Cirrious\Cirrious.MvvmCross\Cirrious.MvvmCross.csproj", "{B6E27475-E7D0-448C-A5CC-5097DCA1E2DD}"
EndProject
Project("{2150E333-8FDC-42A3-9474-1A3956D46DE8}") = "MvvmCross", "MvvmCross", "{BF86AAB0-E1D4-4E42-830E-B79E91A60AF3}"
EndProject
Project("{2150E333-8FDC-42A3-9474-1A3956D46DE8}") = "Portable", "Portable", "{6E99A177-B1C2-4A0E-A643-E1040960F7D0}"
EndProject
Project("{2150E333-8FDC-42A3-9474-1A3956D46DE8}") = "WinRT", "WinRT", "{0EFC9091-F2EF-4E87-8097-3395593DF97E}"
EndProject
Project("{FAE04EC0-301F-11D3-BF4B-00C04F79EFBC}") = "Cirrious.MvvmCross.WinRT", "..\MvvmCross-vnext\Cirrious\Cirrious.MvvmCross.WinRT\Cirrious.MvvmCross.WinRT.csproj", "{EBE1BD6C-6A53-4E9F-9840-D6A1BD074DFD}"
EndProject
Project("{FAE04EC0-301F-11D3-BF4B-00C04F79EFBC}") = "ODataPad.Tests.WinRT", "ODataPad.Tests.WinRT\ODataPad.Tests.WinRT.csproj", "{77343515-52C9-4DF5-8165-B8B4757D9119}"
EndProject
Project("{2150E333-8FDC-42A3-9474-1A3956D46DE8}") = "Net45", "Net45", "{16651E4C-7457-4836-8CA5-A65322174709}"
EndProject
Project("{FAE04EC0-301F-11D3-BF4B-00C04F79EFBC}") = "ODataPad.Platform.Net45", "ODataPad.Platform.Net45\ODataPad.Platform.Net45.csproj", "{B36DE56B-7578-4B2E-99B6-E69A04DB85F1}"
EndProject
Project("{FAE04EC0-301F-11D3-BF4B-00C04F79EFBC}") = "ODataPad.UI.Net45", "ODataPad.UI.Net45\ODataPad.UI.Net45.csproj", "{DB814C2E-C0BE-40F8-A1BD-EE17768CF96B}"
EndProject
Project("{FAE04EC0-301F-11D3-BF4B-00C04F79EFBC}") = "Cirrious.MvvmCross.Wpf", "..\MvvmCross-vnext\Cirrious\Cirrious.MvvmCross.Wpf\Cirrious.MvvmCross.Wpf.csproj", "{3786EA13-A491-4917-9B49-FBE76BA87FAB}"
EndProject
Project("{FAE04EC0-301F-11D3-BF4B-00C04F79EFBC}") = "ODataPad.Platform.WP8", "ODataPad.Platform.WP8\ODataPad.Platform.WP8.csproj", "{ABE6FC37-2FAE-4FE1-9C21-6873D264F911}"
EndProject
Project("{2150E333-8FDC-42A3-9474-1A3956D46DE8}") = "WP8", "WP8", "{3496B1D7-926A-46B2-AE46-B23FDF56A2A2}"
EndProject
Project("{FAE04EC0-301F-11D3-BF4B-00C04F79EFBC}") = "ODataPad.UI.WP8", "ODataPad.UI.WP8\ODataPad.UI.WP8.csproj", "{18ECBE26-F001-4126-BB0E-E0F7A8CD87C7}"
EndProject
Project("{FAE04EC0-301F-11D3-BF4B-00C04F79EFBC}") = "ODataPad.Tests.Net45", "ODataPad.Tests.Net45\ODataPad.Tests.Net45.csproj", "{7404291A-05F1-4BC6-B1DB-0B9E00B15BE2}"
EndProject
Project("{FAE04EC0-301F-11D3-BF4B-00C04F79EFBC}") = "Cirrious.MvvmCross.Plugins.Json", "..\MvvmCross-vnext\Cirrious\Plugins\Json\Cirrious.MvvmCross.Plugins.Json\Cirrious.MvvmCross.Plugins.Json.csproj", "{D518E8E6-3CE6-4706-A286-E8BC6A2F64DC}"
EndProject
Global
	GlobalSection(SolutionConfigurationPlatforms) = preSolution
		Debug|Any CPU = Debug|Any CPU
		Debug|ARM = Debug|ARM
		Debug|x64 = Debug|x64
		Debug|x86 = Debug|x86
		Release|Any CPU = Release|Any CPU
		Release|ARM = Release|ARM
		Release|x64 = Release|x64
		Release|x86 = Release|x86
	EndGlobalSection
	GlobalSection(ProjectConfigurationPlatforms) = postSolution
		{D30AD8D0-4452-4F6E-BE1B-D8097EC3B53D}.Debug|Any CPU.ActiveCfg = Debug|Any CPU
		{D30AD8D0-4452-4F6E-BE1B-D8097EC3B53D}.Debug|Any CPU.Build.0 = Debug|Any CPU
		{D30AD8D0-4452-4F6E-BE1B-D8097EC3B53D}.Debug|ARM.ActiveCfg = Debug|Any CPU
		{D30AD8D0-4452-4F6E-BE1B-D8097EC3B53D}.Debug|x64.ActiveCfg = Debug|Any CPU
		{D30AD8D0-4452-4F6E-BE1B-D8097EC3B53D}.Debug|x86.ActiveCfg = Debug|Any CPU
		{D30AD8D0-4452-4F6E-BE1B-D8097EC3B53D}.Release|Any CPU.ActiveCfg = Release|Any CPU
		{D30AD8D0-4452-4F6E-BE1B-D8097EC3B53D}.Release|Any CPU.Build.0 = Release|Any CPU
		{D30AD8D0-4452-4F6E-BE1B-D8097EC3B53D}.Release|ARM.ActiveCfg = Release|Any CPU
		{D30AD8D0-4452-4F6E-BE1B-D8097EC3B53D}.Release|x64.ActiveCfg = Release|Any CPU
		{D30AD8D0-4452-4F6E-BE1B-D8097EC3B53D}.Release|x86.ActiveCfg = Release|Any CPU
		{91C81852-FA13-4FCA-86CA-2EDDD9929CCA}.Debug|Any CPU.ActiveCfg = Debug|Any CPU
		{91C81852-FA13-4FCA-86CA-2EDDD9929CCA}.Debug|Any CPU.Build.0 = Debug|Any CPU
		{91C81852-FA13-4FCA-86CA-2EDDD9929CCA}.Debug|Any CPU.Deploy.0 = Debug|Any CPU
		{91C81852-FA13-4FCA-86CA-2EDDD9929CCA}.Debug|ARM.ActiveCfg = Debug|ARM
		{91C81852-FA13-4FCA-86CA-2EDDD9929CCA}.Debug|ARM.Build.0 = Debug|ARM
		{91C81852-FA13-4FCA-86CA-2EDDD9929CCA}.Debug|ARM.Deploy.0 = Debug|ARM
		{91C81852-FA13-4FCA-86CA-2EDDD9929CCA}.Debug|x64.ActiveCfg = Debug|x64
		{91C81852-FA13-4FCA-86CA-2EDDD9929CCA}.Debug|x64.Build.0 = Debug|x64
		{91C81852-FA13-4FCA-86CA-2EDDD9929CCA}.Debug|x64.Deploy.0 = Debug|x64
		{91C81852-FA13-4FCA-86CA-2EDDD9929CCA}.Debug|x86.ActiveCfg = Debug|x86
		{91C81852-FA13-4FCA-86CA-2EDDD9929CCA}.Debug|x86.Build.0 = Debug|x86
		{91C81852-FA13-4FCA-86CA-2EDDD9929CCA}.Debug|x86.Deploy.0 = Debug|x86
		{91C81852-FA13-4FCA-86CA-2EDDD9929CCA}.Release|Any CPU.ActiveCfg = Release|Any CPU
		{91C81852-FA13-4FCA-86CA-2EDDD9929CCA}.Release|Any CPU.Build.0 = Release|Any CPU
		{91C81852-FA13-4FCA-86CA-2EDDD9929CCA}.Release|Any CPU.Deploy.0 = Release|Any CPU
		{91C81852-FA13-4FCA-86CA-2EDDD9929CCA}.Release|ARM.ActiveCfg = Release|ARM
		{91C81852-FA13-4FCA-86CA-2EDDD9929CCA}.Release|ARM.Build.0 = Release|ARM
		{91C81852-FA13-4FCA-86CA-2EDDD9929CCA}.Release|ARM.Deploy.0 = Release|ARM
		{91C81852-FA13-4FCA-86CA-2EDDD9929CCA}.Release|x64.ActiveCfg = Release|x64
		{91C81852-FA13-4FCA-86CA-2EDDD9929CCA}.Release|x64.Build.0 = Release|x64
		{91C81852-FA13-4FCA-86CA-2EDDD9929CCA}.Release|x64.Deploy.0 = Release|x64
		{91C81852-FA13-4FCA-86CA-2EDDD9929CCA}.Release|x86.ActiveCfg = Release|x86
		{91C81852-FA13-4FCA-86CA-2EDDD9929CCA}.Release|x86.Build.0 = Release|x86
		{91C81852-FA13-4FCA-86CA-2EDDD9929CCA}.Release|x86.Deploy.0 = Release|x86
		{ECE0CAE6-B931-4036-9FB1-63170A811069}.Debug|Any CPU.ActiveCfg = Debug|Any CPU
		{ECE0CAE6-B931-4036-9FB1-63170A811069}.Debug|Any CPU.Build.0 = Debug|Any CPU
		{ECE0CAE6-B931-4036-9FB1-63170A811069}.Debug|ARM.ActiveCfg = Debug|ARM
		{ECE0CAE6-B931-4036-9FB1-63170A811069}.Debug|ARM.Build.0 = Debug|ARM
		{ECE0CAE6-B931-4036-9FB1-63170A811069}.Debug|x64.ActiveCfg = Debug|x64
		{ECE0CAE6-B931-4036-9FB1-63170A811069}.Debug|x64.Build.0 = Debug|x64
		{ECE0CAE6-B931-4036-9FB1-63170A811069}.Debug|x86.ActiveCfg = Debug|x86
		{ECE0CAE6-B931-4036-9FB1-63170A811069}.Debug|x86.Build.0 = Debug|x86
		{ECE0CAE6-B931-4036-9FB1-63170A811069}.Release|Any CPU.ActiveCfg = Release|Any CPU
		{ECE0CAE6-B931-4036-9FB1-63170A811069}.Release|Any CPU.Build.0 = Release|Any CPU
		{ECE0CAE6-B931-4036-9FB1-63170A811069}.Release|ARM.ActiveCfg = Release|ARM
		{ECE0CAE6-B931-4036-9FB1-63170A811069}.Release|ARM.Build.0 = Release|ARM
		{ECE0CAE6-B931-4036-9FB1-63170A811069}.Release|x64.ActiveCfg = Release|x64
		{ECE0CAE6-B931-4036-9FB1-63170A811069}.Release|x64.Build.0 = Release|x64
		{ECE0CAE6-B931-4036-9FB1-63170A811069}.Release|x86.ActiveCfg = Release|x86
		{ECE0CAE6-B931-4036-9FB1-63170A811069}.Release|x86.Build.0 = Release|x86
		{B6E27475-E7D0-448C-A5CC-5097DCA1E2DD}.Debug|Any CPU.ActiveCfg = Debug|Any CPU
		{B6E27475-E7D0-448C-A5CC-5097DCA1E2DD}.Debug|Any CPU.Build.0 = Debug|Any CPU
		{B6E27475-E7D0-448C-A5CC-5097DCA1E2DD}.Debug|ARM.ActiveCfg = Debug|Any CPU
		{B6E27475-E7D0-448C-A5CC-5097DCA1E2DD}.Debug|x64.ActiveCfg = Debug|Any CPU
		{B6E27475-E7D0-448C-A5CC-5097DCA1E2DD}.Debug|x86.ActiveCfg = Debug|Any CPU
		{B6E27475-E7D0-448C-A5CC-5097DCA1E2DD}.Release|Any CPU.ActiveCfg = Release|Any CPU
		{B6E27475-E7D0-448C-A5CC-5097DCA1E2DD}.Release|Any CPU.Build.0 = Release|Any CPU
		{B6E27475-E7D0-448C-A5CC-5097DCA1E2DD}.Release|ARM.ActiveCfg = Release|Any CPU
		{B6E27475-E7D0-448C-A5CC-5097DCA1E2DD}.Release|x64.ActiveCfg = Release|Any CPU
		{B6E27475-E7D0-448C-A5CC-5097DCA1E2DD}.Release|x86.ActiveCfg = Release|Any CPU
		{EBE1BD6C-6A53-4E9F-9840-D6A1BD074DFD}.Debug|Any CPU.ActiveCfg = Debug|Any CPU
		{EBE1BD6C-6A53-4E9F-9840-D6A1BD074DFD}.Debug|Any CPU.Build.0 = Debug|Any CPU
		{EBE1BD6C-6A53-4E9F-9840-D6A1BD074DFD}.Debug|ARM.ActiveCfg = Debug|Any CPU
		{EBE1BD6C-6A53-4E9F-9840-D6A1BD074DFD}.Debug|x64.ActiveCfg = Debug|Any CPU
		{EBE1BD6C-6A53-4E9F-9840-D6A1BD074DFD}.Debug|x86.ActiveCfg = Debug|Any CPU
		{EBE1BD6C-6A53-4E9F-9840-D6A1BD074DFD}.Release|Any CPU.ActiveCfg = Release|Any CPU
		{EBE1BD6C-6A53-4E9F-9840-D6A1BD074DFD}.Release|Any CPU.Build.0 = Release|Any CPU
		{EBE1BD6C-6A53-4E9F-9840-D6A1BD074DFD}.Release|ARM.ActiveCfg = Release|Any CPU
		{EBE1BD6C-6A53-4E9F-9840-D6A1BD074DFD}.Release|x64.ActiveCfg = Release|Any CPU
		{EBE1BD6C-6A53-4E9F-9840-D6A1BD074DFD}.Release|x86.ActiveCfg = Release|Any CPU
		{77343515-52C9-4DF5-8165-B8B4757D9119}.Debug|Any CPU.ActiveCfg = Debug|Any CPU
		{77343515-52C9-4DF5-8165-B8B4757D9119}.Debug|Any CPU.Build.0 = Debug|Any CPU
		{77343515-52C9-4DF5-8165-B8B4757D9119}.Debug|Any CPU.Deploy.0 = Debug|Any CPU
		{77343515-52C9-4DF5-8165-B8B4757D9119}.Debug|ARM.ActiveCfg = Debug|ARM
		{77343515-52C9-4DF5-8165-B8B4757D9119}.Debug|ARM.Build.0 = Debug|ARM
		{77343515-52C9-4DF5-8165-B8B4757D9119}.Debug|ARM.Deploy.0 = Debug|ARM
		{77343515-52C9-4DF5-8165-B8B4757D9119}.Debug|x64.ActiveCfg = Debug|x64
		{77343515-52C9-4DF5-8165-B8B4757D9119}.Debug|x64.Build.0 = Debug|x64
		{77343515-52C9-4DF5-8165-B8B4757D9119}.Debug|x64.Deploy.0 = Debug|x64
		{77343515-52C9-4DF5-8165-B8B4757D9119}.Debug|x86.ActiveCfg = Debug|x86
		{77343515-52C9-4DF5-8165-B8B4757D9119}.Debug|x86.Build.0 = Debug|x86
		{77343515-52C9-4DF5-8165-B8B4757D9119}.Debug|x86.Deploy.0 = Debug|x86
		{77343515-52C9-4DF5-8165-B8B4757D9119}.Release|Any CPU.ActiveCfg = Release|Any CPU
		{77343515-52C9-4DF5-8165-B8B4757D9119}.Release|Any CPU.Build.0 = Release|Any CPU
		{77343515-52C9-4DF5-8165-B8B4757D9119}.Release|Any CPU.Deploy.0 = Release|Any CPU
		{77343515-52C9-4DF5-8165-B8B4757D9119}.Release|ARM.ActiveCfg = Release|ARM
		{77343515-52C9-4DF5-8165-B8B4757D9119}.Release|ARM.Build.0 = Release|ARM
		{77343515-52C9-4DF5-8165-B8B4757D9119}.Release|ARM.Deploy.0 = Release|ARM
		{77343515-52C9-4DF5-8165-B8B4757D9119}.Release|x64.ActiveCfg = Release|x64
		{77343515-52C9-4DF5-8165-B8B4757D9119}.Release|x64.Build.0 = Release|x64
		{77343515-52C9-4DF5-8165-B8B4757D9119}.Release|x64.Deploy.0 = Release|x64
		{77343515-52C9-4DF5-8165-B8B4757D9119}.Release|x86.ActiveCfg = Release|x86
		{77343515-52C9-4DF5-8165-B8B4757D9119}.Release|x86.Build.0 = Release|x86
		{77343515-52C9-4DF5-8165-B8B4757D9119}.Release|x86.Deploy.0 = Release|x86
		{B36DE56B-7578-4B2E-99B6-E69A04DB85F1}.Debug|Any CPU.ActiveCfg = Debug|Any CPU
		{B36DE56B-7578-4B2E-99B6-E69A04DB85F1}.Debug|Any CPU.Build.0 = Debug|Any CPU
		{B36DE56B-7578-4B2E-99B6-E69A04DB85F1}.Debug|ARM.ActiveCfg = Debug|Any CPU
		{B36DE56B-7578-4B2E-99B6-E69A04DB85F1}.Debug|x64.ActiveCfg = Debug|Any CPU
		{B36DE56B-7578-4B2E-99B6-E69A04DB85F1}.Debug|x86.ActiveCfg = Debug|Any CPU
		{B36DE56B-7578-4B2E-99B6-E69A04DB85F1}.Release|Any CPU.ActiveCfg = Release|Any CPU
		{B36DE56B-7578-4B2E-99B6-E69A04DB85F1}.Release|Any CPU.Build.0 = Release|Any CPU
		{B36DE56B-7578-4B2E-99B6-E69A04DB85F1}.Release|ARM.ActiveCfg = Release|Any CPU
		{B36DE56B-7578-4B2E-99B6-E69A04DB85F1}.Release|x64.ActiveCfg = Release|Any CPU
		{B36DE56B-7578-4B2E-99B6-E69A04DB85F1}.Release|x86.ActiveCfg = Release|Any CPU
		{DB814C2E-C0BE-40F8-A1BD-EE17768CF96B}.Debug|Any CPU.ActiveCfg = Debug|Any CPU
		{DB814C2E-C0BE-40F8-A1BD-EE17768CF96B}.Debug|Any CPU.Build.0 = Debug|Any CPU
		{DB814C2E-C0BE-40F8-A1BD-EE17768CF96B}.Debug|ARM.ActiveCfg = Debug|Any CPU
		{DB814C2E-C0BE-40F8-A1BD-EE17768CF96B}.Debug|x64.ActiveCfg = Debug|Any CPU
		{DB814C2E-C0BE-40F8-A1BD-EE17768CF96B}.Debug|x86.ActiveCfg = Debug|Any CPU
		{DB814C2E-C0BE-40F8-A1BD-EE17768CF96B}.Release|Any CPU.ActiveCfg = Release|Any CPU
		{DB814C2E-C0BE-40F8-A1BD-EE17768CF96B}.Release|Any CPU.Build.0 = Release|Any CPU
		{DB814C2E-C0BE-40F8-A1BD-EE17768CF96B}.Release|ARM.ActiveCfg = Release|Any CPU
		{DB814C2E-C0BE-40F8-A1BD-EE17768CF96B}.Release|x64.ActiveCfg = Release|Any CPU
		{DB814C2E-C0BE-40F8-A1BD-EE17768CF96B}.Release|x86.ActiveCfg = Release|Any CPU
		{3786EA13-A491-4917-9B49-FBE76BA87FAB}.Debug|Any CPU.ActiveCfg = Debug|Any CPU
		{3786EA13-A491-4917-9B49-FBE76BA87FAB}.Debug|Any CPU.Build.0 = Debug|Any CPU
		{3786EA13-A491-4917-9B49-FBE76BA87FAB}.Debug|ARM.ActiveCfg = Debug|Any CPU
		{3786EA13-A491-4917-9B49-FBE76BA87FAB}.Debug|x64.ActiveCfg = Debug|Any CPU
		{3786EA13-A491-4917-9B49-FBE76BA87FAB}.Debug|x86.ActiveCfg = Debug|Any CPU
		{3786EA13-A491-4917-9B49-FBE76BA87FAB}.Release|Any CPU.ActiveCfg = Release|Any CPU
		{3786EA13-A491-4917-9B49-FBE76BA87FAB}.Release|Any CPU.Build.0 = Release|Any CPU
		{3786EA13-A491-4917-9B49-FBE76BA87FAB}.Release|ARM.ActiveCfg = Release|Any CPU
		{3786EA13-A491-4917-9B49-FBE76BA87FAB}.Release|x64.ActiveCfg = Release|Any CPU
		{3786EA13-A491-4917-9B49-FBE76BA87FAB}.Release|x86.ActiveCfg = Release|Any CPU
		{ABE6FC37-2FAE-4FE1-9C21-6873D264F911}.Debug|Any CPU.ActiveCfg = Debug|Any CPU
		{ABE6FC37-2FAE-4FE1-9C21-6873D264F911}.Debug|Any CPU.Build.0 = Debug|Any CPU
		{ABE6FC37-2FAE-4FE1-9C21-6873D264F911}.Debug|ARM.ActiveCfg = Debug|ARM
		{ABE6FC37-2FAE-4FE1-9C21-6873D264F911}.Debug|ARM.Build.0 = Debug|ARM
		{ABE6FC37-2FAE-4FE1-9C21-6873D264F911}.Debug|x64.ActiveCfg = Debug|Any CPU
		{ABE6FC37-2FAE-4FE1-9C21-6873D264F911}.Debug|x86.ActiveCfg = Debug|x86
		{ABE6FC37-2FAE-4FE1-9C21-6873D264F911}.Debug|x86.Build.0 = Debug|x86
		{ABE6FC37-2FAE-4FE1-9C21-6873D264F911}.Release|Any CPU.ActiveCfg = Release|Any CPU
		{ABE6FC37-2FAE-4FE1-9C21-6873D264F911}.Release|Any CPU.Build.0 = Release|Any CPU
		{ABE6FC37-2FAE-4FE1-9C21-6873D264F911}.Release|ARM.ActiveCfg = Release|ARM
		{ABE6FC37-2FAE-4FE1-9C21-6873D264F911}.Release|ARM.Build.0 = Release|ARM
		{ABE6FC37-2FAE-4FE1-9C21-6873D264F911}.Release|x64.ActiveCfg = Release|Any CPU
		{ABE6FC37-2FAE-4FE1-9C21-6873D264F911}.Release|x86.ActiveCfg = Release|x86
		{ABE6FC37-2FAE-4FE1-9C21-6873D264F911}.Release|x86.Build.0 = Release|x86
		{18ECBE26-F001-4126-BB0E-E0F7A8CD87C7}.Debug|Any CPU.ActiveCfg = Debug|Any CPU
		{18ECBE26-F001-4126-BB0E-E0F7A8CD87C7}.Debug|Any CPU.Build.0 = Debug|Any CPU
		{18ECBE26-F001-4126-BB0E-E0F7A8CD87C7}.Debug|Any CPU.Deploy.0 = Debug|Any CPU
		{18ECBE26-F001-4126-BB0E-E0F7A8CD87C7}.Debug|ARM.ActiveCfg = Debug|ARM
		{18ECBE26-F001-4126-BB0E-E0F7A8CD87C7}.Debug|ARM.Build.0 = Debug|ARM
		{18ECBE26-F001-4126-BB0E-E0F7A8CD87C7}.Debug|ARM.Deploy.0 = Debug|ARM
		{18ECBE26-F001-4126-BB0E-E0F7A8CD87C7}.Debug|x64.ActiveCfg = Debug|Any CPU
		{18ECBE26-F001-4126-BB0E-E0F7A8CD87C7}.Debug|x86.ActiveCfg = Debug|x86
		{18ECBE26-F001-4126-BB0E-E0F7A8CD87C7}.Debug|x86.Build.0 = Debug|x86
		{18ECBE26-F001-4126-BB0E-E0F7A8CD87C7}.Debug|x86.Deploy.0 = Debug|x86
		{18ECBE26-F001-4126-BB0E-E0F7A8CD87C7}.Release|Any CPU.ActiveCfg = Release|Any CPU
		{18ECBE26-F001-4126-BB0E-E0F7A8CD87C7}.Release|Any CPU.Build.0 = Release|Any CPU
		{18ECBE26-F001-4126-BB0E-E0F7A8CD87C7}.Release|Any CPU.Deploy.0 = Release|Any CPU
		{18ECBE26-F001-4126-BB0E-E0F7A8CD87C7}.Release|ARM.ActiveCfg = Release|ARM
		{18ECBE26-F001-4126-BB0E-E0F7A8CD87C7}.Release|ARM.Build.0 = Release|ARM
		{18ECBE26-F001-4126-BB0E-E0F7A8CD87C7}.Release|ARM.Deploy.0 = Release|ARM
		{18ECBE26-F001-4126-BB0E-E0F7A8CD87C7}.Release|x64.ActiveCfg = Release|Any CPU
		{18ECBE26-F001-4126-BB0E-E0F7A8CD87C7}.Release|x86.ActiveCfg = Release|x86
		{18ECBE26-F001-4126-BB0E-E0F7A8CD87C7}.Release|x86.Build.0 = Release|x86
		{18ECBE26-F001-4126-BB0E-E0F7A8CD87C7}.Release|x86.Deploy.0 = Release|x86
		{7404291A-05F1-4BC6-B1DB-0B9E00B15BE2}.Debug|Any CPU.ActiveCfg = Debug|Any CPU
		{7404291A-05F1-4BC6-B1DB-0B9E00B15BE2}.Debug|Any CPU.Build.0 = Debug|Any CPU
		{7404291A-05F1-4BC6-B1DB-0B9E00B15BE2}.Debug|ARM.ActiveCfg = Debug|Any CPU
		{7404291A-05F1-4BC6-B1DB-0B9E00B15BE2}.Debug|x64.ActiveCfg = Debug|Any CPU
		{7404291A-05F1-4BC6-B1DB-0B9E00B15BE2}.Debug|x86.ActiveCfg = Debug|Any CPU
		{7404291A-05F1-4BC6-B1DB-0B9E00B15BE2}.Release|Any CPU.ActiveCfg = Release|Any CPU
		{7404291A-05F1-4BC6-B1DB-0B9E00B15BE2}.Release|Any CPU.Build.0 = Release|Any CPU
		{7404291A-05F1-4BC6-B1DB-0B9E00B15BE2}.Release|ARM.ActiveCfg = Release|Any CPU
		{7404291A-05F1-4BC6-B1DB-0B9E00B15BE2}.Release|x64.ActiveCfg = Release|Any CPU
		{7404291A-05F1-4BC6-B1DB-0B9E00B15BE2}.Release|x86.ActiveCfg = Release|Any CPU
		{D518E8E6-3CE6-4706-A286-E8BC6A2F64DC}.Debug|Any CPU.ActiveCfg = Debug|Any CPU
		{D518E8E6-3CE6-4706-A286-E8BC6A2F64DC}.Debug|Any CPU.Build.0 = Debug|Any CPU
		{D518E8E6-3CE6-4706-A286-E8BC6A2F64DC}.Debug|ARM.ActiveCfg = Debug|Any CPU
		{D518E8E6-3CE6-4706-A286-E8BC6A2F64DC}.Debug|x64.ActiveCfg = Debug|Any CPU
		{D518E8E6-3CE6-4706-A286-E8BC6A2F64DC}.Debug|x86.ActiveCfg = Debug|Any CPU
		{D518E8E6-3CE6-4706-A286-E8BC6A2F64DC}.Release|Any CPU.ActiveCfg = Release|Any CPU
		{D518E8E6-3CE6-4706-A286-E8BC6A2F64DC}.Release|Any CPU.Build.0 = Release|Any CPU
		{D518E8E6-3CE6-4706-A286-E8BC6A2F64DC}.Release|ARM.ActiveCfg = Release|Any CPU
		{D518E8E6-3CE6-4706-A286-E8BC6A2F64DC}.Release|x64.ActiveCfg = Release|Any CPU
		{D518E8E6-3CE6-4706-A286-E8BC6A2F64DC}.Release|x86.ActiveCfg = Release|Any CPU
	EndGlobalSection
	GlobalSection(SolutionProperties) = preSolution
		HideSolutionNode = FALSE
	EndGlobalSection
	GlobalSection(NestedProjects) = preSolution
		{D30AD8D0-4452-4F6E-BE1B-D8097EC3B53D} = {6E99A177-B1C2-4A0E-A643-E1040960F7D0}
		{ECE0CAE6-B931-4036-9FB1-63170A811069} = {0EFC9091-F2EF-4E87-8097-3395593DF97E}
		{91C81852-FA13-4FCA-86CA-2EDDD9929CCA} = {0EFC9091-F2EF-4E87-8097-3395593DF97E}
		{77343515-52C9-4DF5-8165-B8B4757D9119} = {0EFC9091-F2EF-4E87-8097-3395593DF97E}
		{B6E27475-E7D0-448C-A5CC-5097DCA1E2DD} = {BF86AAB0-E1D4-4E42-830E-B79E91A60AF3}
		{EBE1BD6C-6A53-4E9F-9840-D6A1BD074DFD} = {BF86AAB0-E1D4-4E42-830E-B79E91A60AF3}
		{3786EA13-A491-4917-9B49-FBE76BA87FAB} = {BF86AAB0-E1D4-4E42-830E-B79E91A60AF3}
		{D518E8E6-3CE6-4706-A286-E8BC6A2F64DC} = {BF86AAB0-E1D4-4E42-830E-B79E91A60AF3}
		{B36DE56B-7578-4B2E-99B6-E69A04DB85F1} = {16651E4C-7457-4836-8CA5-A65322174709}
		{DB814C2E-C0BE-40F8-A1BD-EE17768CF96B} = {16651E4C-7457-4836-8CA5-A65322174709}
		{7404291A-05F1-4BC6-B1DB-0B9E00B15BE2} = {16651E4C-7457-4836-8CA5-A65322174709}
		{ABE6FC37-2FAE-4FE1-9C21-6873D264F911} = {3496B1D7-926A-46B2-AE46-B23FDF56A2A2}
		{18ECBE26-F001-4126-BB0E-E0F7A8CD87C7} = {3496B1D7-926A-46B2-AE46-B23FDF56A2A2}
	EndGlobalSection
EndGlobal
